Microsoft Visual Studio Solution File, Format Version 12.00
# Visual Studio 15
VisualStudioVersion = 15.0.27130.2020
MinimumVisualStudioVersion = 15.0.26124.0
Project("{9A19103F-16F7-4668-BE54-9A1E7A4F7556}") = "MyWebApp.Data", "MyWebApp.Data\MyWebApp.Data.csproj", "{8E88AC25-0F44-4ABD-A33B-355A376642ED}"
EndProject
Project("{9A19103F-16F7-4668-BE54-9A1E7A4F7556}") = "MyWebApp.Domain", "MyWebApp.Domain\MyWebApp.Domain.csproj", "{B16A3048-5856-41A5-8301-E6DEC5A3ACA1}"
EndProject
Project("{FAE04EC0-301F-11D3-BF4B-00C04F79EFBC}") = "MyWebApp.UI", "MyWebApp.UI\MyWebApp.UI.csproj", "{9181AC3D-0B79-44AA-B773-46F183E1593B}"
EndProject
Global
	GlobalSection(SolutionConfigurationPlatforms) = preSolution
		Debug|Any CPU = Debug|Any CPU
		Debug|x64 = Debug|x64
		Debug|x86 = Debug|x86
		Release|Any CPU = Release|Any CPU
		Release|x64 = Release|x64
		Release|x86 = Release|x86
	EndGlobalSection
	GlobalSection(ProjectConfigurationPlatforms) = postSolution
		{8E88AC25-0F44-4ABD-A33B-355A376642ED}.Debug|Any CPU.ActiveCfg = Debug|Any CPU
		{8E88AC25-0F44-4ABD-A33B-355A376642ED}.Debug|Any CPU.Build.0 = Debug|Any CPU
		{8E88AC25-0F44-4ABD-A33B-355A376642ED}.Debug|x64.ActiveCfg = Debug|Any CPU
		{8E88AC25-0F44-4ABD-A33B-355A376642ED}.Debug|x64.Build.0 = Debug|Any CPU
		{8E88AC25-0F44-4ABD-A33B-355A376642ED}.Debug|x86.ActiveCfg = Debug|Any CPU
		{8E88AC25-0F44-4ABD-A33B-355A376642ED}.Debug|x86.Build.0 = Debug|Any CPU
		{8E88AC25-0F44-4ABD-A33B-355A376642ED}.Release|Any CPU.ActiveCfg = Release|Any CPU
		{8E88AC25-0F44-4ABD-A33B-355A376642ED}.Release|Any CPU.Build.0 = Release|Any CPU
		{8E88AC25-0F44-4ABD-A33B-355A376642ED}.Release|x64.ActiveCfg = Release|Any CPU
		{8E88AC25-0F44-4ABD-A33B-355A376642ED}.Release|x64.Build.0 = Release|Any CPU
		{8E88AC25-0F44-4ABD-A33B-355A376642ED}.Release|x86.ActiveCfg = Release|Any CPU
		{8E88AC25-0F44-4ABD-A33B-355A376642ED}.Release|x86.Build.0 = Release|Any CPU
		{B16A3048-5856-41A5-8301-E6DEC5A3ACA1}.Debug|Any CPU.ActiveCfg = Debug|Any CPU
		{B16A3048-5856-41A5-8301-E6DEC5A3ACA1}.Debug|Any CPU.Build.0 = Debug|Any CPU
		{B16A3048-5856-41A5-8301-E6DEC5A3ACA1}.Debug|x64.ActiveCfg = Debug|Any CPU
		{B16A3048-5856-41A5-8301-E6DEC5A3ACA1}.Debug|x64.Build.0 = Debug|Any CPU
		{B16A3048-5856-41A5-8301-E6DEC5A3ACA1}.Debug|x86.ActiveCfg = Debug|Any CPU
		{B16A3048-5856-41A5-8301-E6DEC5A3ACA1}.Debug|x86.Build.0 = Debug|Any CPU
		{B16A3048-5856-41A5-8301-E6DEC5A3ACA1}.Release|Any CPU.ActiveCfg = Release|Any CPU
		{B16A3048-5856-41A5-8301-E6DEC5A3ACA1}.Release|Any CPU.Build.0 = Release|Any CPU
		{B16A3048-5856-41A5-8301-E6DEC5A3ACA1}.Release|x64.ActiveCfg = Release|Any CPU
		{B16A3048-5856-41A5-8301-E6DEC5A3ACA1}.Release|x64.Build.0 = Release|Any CPU
		{B16A3048-5856-41A5-8301-E6DEC5A3ACA1}.Release|x86.ActiveCfg = Release|Any CPU
		{B16A3048-5856-41A5-8301-E6DEC5A3ACA1}.Release|x86.Build.0 = Release|Any CPU
		{9181AC3D-0B79-44AA-B773-46F183E1593B}.Debug|Any CPU.ActiveCfg = Debug|Any CPU
		{9181AC3D-0B79-44AA-B773-46F183E1593B}.Debug|Any CPU.Build.0 = Debug|Any CPU
		{9181AC3D-0B79-44AA-B773-46F183E1593B}.Debug|x64.ActiveCfg = Debug|Any CPU
		{9181AC3D-0B79-44AA-B773-46F183E1593B}.Debug|x64.Build.0 = Debug|Any CPU
		{9181AC3D-0B79-44AA-B773-46F183E1593B}.Debug|x86.ActiveCfg = Debug|Any CPU
		{9181AC3D-0B79-44AA-B773-46F183E1593B}.Debug|x86.Build.0 = Debug|Any CPU
		{9181AC3D-0B79-44AA-B773-46F183E1593B}.Release|Any CPU.ActiveCfg = Release|Any CPU
		{9181AC3D-0B79-44AA-B773-46F183E1593B}.Release|Any CPU.Build.0 = Release|Any CPU
		{9181AC3D-0B79-44AA-B773-46F183E1593B}.Release|x64.ActiveCfg = Release|Any CPU
		{9181AC3D-0B79-44AA-B773-46F183E1593B}.Release|x64.Build.0 = Release|Any CPU
		{9181AC3D-0B79-44AA-B773-46F183E1593B}.Release|x86.ActiveCfg = Release|Any CPU
		{9181AC3D-0B79-44AA-B773-46F183E1593B}.Release|x86.Build.0 = Release|Any CPU
	EndGlobalSection
	GlobalSection(SolutionProperties) = preSolution
		HideSolutionNode = FALSE
	EndGlobalSection
	GlobalSection(ExtensibilityGlobals) = postSolution
		SolutionGuid = {3074127E-8A80-466B-B260-AFD25E500341}
	EndGlobalSection
EndGlobal
